
Microsoft Visual Studio Solution File, Format Version 12.00
# Visual Studio Version 16
VisualStudioVersion = 16.0.31605.320
MinimumVisualStudioVersion = 10.0.40219.1
Project("{FAE04EC0-301F-11D3-BF4B-00C04F79EFBC}") = "CarritoDeCompras_FranciscoLiñan", "CarritoDeCompras_FranciscoLiñan\CarritoDeCompras_FranciscoLiñan.csproj", "{B0289C24-435A-4C29-88F1-8A3099247A7E}"
EndProject
Global
	GlobalSection(SolutionConfigurationPlatforms) = preSolution
		Debug|Any CPU = Debug|Any CPU
		Release|Any CPU = Release|Any CPU
	EndGlobalSection
	GlobalSection(ProjectConfigurationPlatforms) = postSolution
		{B0289C24-435A-4C29-88F1-8A3099247A7E}.Debug|Any CPU.ActiveCfg = Debug|Any CPU
		{B0289C24-435A-4C29-88F1-8A3099247A7E}.Debug|Any CPU.Build.0 = Debug|Any CPU
		{B0289C24-435A-4C29-88F1-8A3099247A7E}.Release|Any CPU.ActiveCfg = Release|Any CPU
		{B0289C24-435A-4C29-88F1-8A3099247A7E}.Release|Any CPU.Build.0 = Release|Any CPU
	EndGlobalSection
	GlobalSection(SolutionProperties) = preSolution
		HideSolutionNode = FALSE
	EndGlobalSection
	GlobalSection(ExtensibilityGlobals) = postSolution
		SolutionGuid = {BF80A190-CACD-42AA-BCC1-6315B1AE9570}
	EndGlobalSection
EndGlobal
